
Microsoft Visual Studio Solution File, Format Version 12.00
# Visual Studio Version 17
VisualStudioVersion = 17.0.31903.59
MinimumVisualStudioVersion = 10.0.40219.1
Project("{2150E333-8FDC-42A3-9474-1A3956D46DE8}") = "src", "src", "{827E0CD3-B72D-47B6-A68D-7590B98EB39B}"
EndProject
Project("{FAE04EC0-301F-11D3-BF4B-00C04F79EFBC}") = "CrossLedger.Api", "src\CrossLedger.Api\CrossLedger.Api.csproj", "{C4089F9C-859A-4E40-9009-A93246E68D20}"
EndProject
Project("{FAE04EC0-301F-11D3-BF4B-00C04F79EFBC}") = "CrossLedger.Application", "src\CrossLedger.Application\CrossLedger.Application.csproj", "{EDC567E5-674B-4613-9F30-A6C12B96F163}"
EndProject
Project("{FAE04EC0-301F-11D3-BF4B-00C04F79EFBC}") = "CrossLedger.Domain", "src\CrossLedger.Domain\CrossLedger.Domain.csproj", "{FA4C3A24-5C80-43BF-8F9E-064A6D0CB496}"
EndProject
Project("{FAE04EC0-301F-11D3-BF4B-00C04F79EFBC}") = "CrossLedger.Infrastructure", "src\CrossLedger.Infrastructure\CrossLedger.Infrastructure.csproj", "{9348AD20-E4CD-47E8-89C5-91D8FF854640}"
EndProject
Project("{FAE04EC0-301F-11D3-BF4B-00C04F79EFBC}") = "CrossLedger.Providers", "src\CrossLedger.Providers\CrossLedger.Providers.csproj", "{37506D62-8C4E-4BC4-9B3A-CC952615E396}"
EndProject
Project("{FAE04EC0-301F-11D3-BF4B-00C04F79EFBC}") = "CrossLedger.Shared", "src\CrossLedger.Shared\CrossLedger.Shared.csproj", "{7CD3BAE5-AED3-4C2C-A69E-FC272175AD2D}"
EndProject
Project("{FAE04EC0-301F-11D3-BF4B-00C04F79EFBC}") = "CrossLedger.Client", "src\CrossLedger.Client\CrossLedger.Client.csproj", "{8CC08012-B5C3-4266-B6AA-356837E6A461}"
EndProject
Project("{2150E333-8FDC-42A3-9474-1A3956D46DE8}") = "tests", "tests", "{0AB3BF05-4346-4AA6-1389-037BE0695223}"
EndProject
Project("{FAE04EC0-301F-11D3-BF4B-00C04F79EFBC}") = "CrossLedger.Application.Tests", "tests\CrossLedger.Application.Tests\CrossLedger.Application.Tests.csproj", "{7E9C52CA-55E2-44C1-A699-5F9E5B6450B3}"
EndProject
Project("{FAE04EC0-301F-11D3-BF4B-00C04F79EFBC}") = "CrossLedger.Domain.Tests", "tests\CrossLedger.Domain.Tests\CrossLedger.Domain.Tests.csproj", "{C2E23241-D1DD-4565-A0D4-374CB4693F6F}"
EndProject
Project("{FAE04EC0-301F-11D3-BF4B-00C04F79EFBC}") = "CrossLedger.Integration.Tests", "tests\CrossLedger.Integration.Tests\CrossLedger.Integration.Tests.csproj", "{4B436EF1-DBE3-440F-936D-E3C1DED8198C}"
EndProject
Global
	GlobalSection(SolutionConfigurationPlatforms) = preSolution
		Debug|Any CPU = Debug|Any CPU
		Debug|x64 = Debug|x64
		Debug|x86 = Debug|x86
		Release|Any CPU = Release|Any CPU
		Release|x64 = Release|x64
		Release|x86 = Release|x86
	EndGlobalSection
	GlobalSection(ProjectConfigurationPlatforms) = postSolution
		{C4089F9C-859A-4E40-9009-A93246E68D20}.Debug|Any CPU.ActiveCfg = Debug|Any CPU
		{C4089F9C-859A-4E40-9009-A93246E68D20}.Debug|Any CPU.Build.0 = Debug|Any CPU
		{C4089F9C-859A-4E40-9009-A93246E68D20}.Debug|x64.ActiveCfg = Debug|Any CPU
		{C4089F9C-859A-4E40-9009-A93246E68D20}.Debug|x64.Build.0 = Debug|Any CPU
		{C4089F9C-859A-4E40-9009-A93246E68D20}.Debug|x86.ActiveCfg = Debug|Any CPU
		{C4089F9C-859A-4E40-9009-A93246E68D20}.Debug|x86.Build.0 = Debug|Any CPU
		{C4089F9C-859A-4E40-9009-A93246E68D20}.Release|Any CPU.ActiveCfg = Release|Any CPU
		{C4089F9C-859A-4E40-9009-A93246E68D20}.Release|Any CPU.Build.0 = Release|Any CPU
		{C4089F9C-859A-4E40-9009-A93246E68D20}.Release|x64.ActiveCfg = Release|Any CPU
		{C4089F9C-859A-4E40-9009-A93246E68D20}.Release|x64.Build.0 = Release|Any CPU
		{C4089F9C-859A-4E40-9009-A93246E68D20}.Release|x86.ActiveCfg = Release|Any CPU
		{C4089F9C-859A-4E40-9009-A93246E68D20}.Release|x86.Build.0 = Release|Any CPU
		{EDC567E5-674B-4613-9F30-A6C12B96F163}.Debug|Any CPU.ActiveCfg = Debug|Any CPU
		{EDC567E5-674B-4613-9F30-A6C12B96F163}.Debug|Any CPU.Build.0 = Debug|Any CPU
		{EDC567E5-674B-4613-9F30-A6C12B96F163}.Debug|x64.ActiveCfg = Debug|Any CPU
		{EDC567E5-674B-4613-9F30-A6C12B96F163}.Debug|x64.Build.0 = Debug|Any CPU
		{EDC567E5-674B-4613-9F30-A6C12B96F163}.Debug|x86.ActiveCfg = Debug|Any CPU
		{EDC567E5-674B-4613-9F30-A6C12B96F163}.Debug|x86.Build.0 = Debug|Any CPU
		{EDC567E5-674B-4613-9F30-A6C12B96F163}.Release|Any CPU.ActiveCfg = Release|Any CPU
		{EDC567E5-674B-4613-9F30-A6C12B96F163}.Release|Any CPU.Build.0 = Release|Any CPU
		{EDC567E5-674B-4613-9F30-A6C12B96F163}.Release|x64.ActiveCfg = Release|Any CPU
		{EDC567E5-674B-4613-9F30-A6C12B96F163}.Release|x64.Build.0 = Release|Any CPU
		{EDC567E5-674B-4613-9F30-A6C12B96F163}.Release|x86.ActiveCfg = Release|Any CPU
		{EDC567E5-674B-4613-9F30-A6C12B96F163}.Release|x86.Build.0 = Release|Any CPU
		{FA4C3A24-5C80-43BF-8F9E-064A6D0CB496}.Debug|Any CPU.ActiveCfg = Debug|Any CPU
		{FA4C3A24-5C80-43BF-8F9E-064A6D0CB496}.Debug|Any CPU.Build.0 = Debug|Any CPU
		{FA4C3A24-5C80-43BF-8F9E-064A6D0CB496}.Debug|x64.ActiveCfg = Debug|Any CPU
		{FA4C3A24-5C80-43BF-8F9E-064A6D0CB496}.Debug|x64.Build.0 = Debug|Any CPU
		{FA4C3A24-5C80-43BF-8F9E-064A6D0CB496}.Debug|x86.ActiveCfg = Debug|Any CPU
		{FA4C3A24-5C80-43BF-8F9E-064A6D0CB496}.Debug|x86.Build.0 = Debug|Any CPU
		{FA4C3A24-5C80-43BF-8F9E-064A6D0CB496}.Release|Any CPU.ActiveCfg = Release|Any CPU
		{FA4C3A24-5C80-43BF-8F9E-064A6D0CB496}.Release|Any CPU.Build.0 = Release|Any CPU
		{FA4C3A24-5C80-43BF-8F9E-064A6D0CB496}.Release|x64.ActiveCfg = Release|Any CPU
		{FA4C3A24-5C80-43BF-8F9E-064A6D0CB496}.Release|x64.Build.0 = Release|Any CPU
		{FA4C3A24-5C80-43BF-8F9E-064A6D0CB496}.Release|x86.ActiveCfg = Release|Any CPU
		{FA4C3A24-5C80-43BF-8F9E-064A6D0CB496}.Release|x86.Build.0 = Release|Any CPU
		{9348AD20-E4CD-47E8-89C5-91D8FF854640}.Debug|Any CPU.ActiveCfg = Debug|Any CPU
		{9348AD20-E4CD-47E8-89C5-91D8FF854640}.Debug|Any CPU.Build.0 = Debug|Any CPU
		{9348AD20-E4CD-47E8-89C5-91D8FF854640}.Debug|x64.ActiveCfg = Debug|Any CPU
		{9348AD20-E4CD-47E8-89C5-91D8FF854640}.Debug|x64.Build.0 = Debug|Any CPU
		{9348AD20-E4CD-47E8-89C5-91D8FF854640}.Debug|x86.ActiveCfg = Debug|Any CPU
		{9348AD20-E4CD-47E8-89C5-91D8FF854640}.Debug|x86.Build.0 = Debug|Any CPU
		{9348AD20-E4CD-47E8-89C5-91D8FF854640}.Release|Any CPU.ActiveCfg = Release|Any CPU
		{9348AD20-E4CD-47E8-89C5-91D8FF854640}.Release|Any CPU.Build.0 = Release|Any CPU
		{9348AD20-E4CD-47E8-89C5-91D8FF854640}.Release|x64.ActiveCfg = Release|Any CPU
		{9348AD20-E4CD-47E8-89C5-91D8FF854640}.Release|x64.Build.0 = Release|Any CPU
		{9348AD20-E4CD-47E8-89C5-91D8FF854640}.Release|x86.ActiveCfg = Release|Any CPU
		{9348AD20-E4CD-47E8-89C5-91D8FF854640}.Release|x86.Build.0 = Release|Any CPU
		{37506D62-8C4E-4BC4-9B3A-CC952615E396}.Debug|Any CPU.ActiveCfg = Debug|Any CPU
		{37506D62-8C4E-4BC4-9B3A-CC952615E396}.Debug|Any CPU.Build.0 = Debug|Any CPU
		{37506D62-8C4E-4BC4-9B3A-CC952615E396}.Debug|x64.ActiveCfg = Debug|Any CPU
		{37506D62-8C4E-4BC4-9B3A-CC952615E396}.Debug|x64.Build.0 = Debug|Any CPU
		{37506D62-8C4E-4BC4-9B3A-CC952615E396}.Debug|x86.ActiveCfg = Debug|Any CPU
		{37506D62-8C4E-4BC4-9B3A-CC952615E396}.Debug|x86.Build.0 = Debug|Any CPU
		{37506D62-8C4E-4BC4-9B3A-CC952615E396}.Release|Any CPU.ActiveCfg = Release|Any CPU
		{37506D62-8C4E-4BC4-9B3A-CC952615E396}.Release|Any CPU.Build.0 = Release|Any CPU
		{37506D62-8C4E-4BC4-9B3A-CC952615E396}.Release|x64.ActiveCfg = Release|Any CPU
		{37506D62-8C4E-4BC4-9B3A-CC952615E396}.Release|x64.Build.0 = Release|Any CPU
		{37506D62-8C4E-4BC4-9B3A-CC952615E396}.Release|x86.ActiveCfg = Release|Any CPU
		{37506D62-8C4E-4BC4-9B3A-CC952615E396}.Release|x86.Build.0 = Release|Any CPU
		{7CD3BAE5-AED3-4C2C-A69E-FC272175AD2D}.Debug|Any CPU.ActiveCfg = Debug|Any CPU
		{7CD3BAE5-AED3-4C2C-A69E-FC272175AD2D}.Debug|Any CPU.Build.0 = Debug|Any CPU
		{7CD3BAE5-AED3-4C2C-A69E-FC272175AD2D}.Debug|x64.ActiveCfg = Debug|Any CPU
		{7CD3BAE5-AED3-4C2C-A69E-FC272175AD2D}.Debug|x64.Build.0 = Debug|Any CPU
		{7CD3BAE5-AED3-4C2C-A69E-FC272175AD2D}.Debug|x86.ActiveCfg = Debug|Any CPU
		{7CD3BAE5-AED3-4C2C-A69E-FC272175AD2D}.Debug|x86.Build.0 = Debug|Any CPU
		{7CD3BAE5-AED3-4C2C-A69E-FC272175AD2D}.Release|Any CPU.ActiveCfg = Release|Any CPU
		{7CD3BAE5-AED3-4C2C-A69E-FC272175AD2D}.Release|Any CPU.Build.0 = Release|Any CPU
		{7CD3BAE5-AED3-4C2C-A69E-FC272175AD2D}.Release|x64.ActiveCfg = Release|Any CPU
		{7CD3BAE5-AED3-4C2C-A69E-FC272175AD2D}.Release|x64.Build.0 = Release|Any CPU
		{7CD3BAE5-AED3-4C2C-A69E-FC272175AD2D}.Release|x86.ActiveCfg = Release|Any CPU
		{7CD3BAE5-AED3-4C2C-A69E-FC272175AD2D}.Release|x86.Build.0 = Release|Any CPU
		{8CC08012-B5C3-4266-B6AA-356837E6A461}.Debug|Any CPU.ActiveCfg = Debug|Any CPU
		{8CC08012-B5C3-4266-B6AA-356837E6A461}.Debug|Any CPU.Build.0 = Debug|Any CPU
		{8CC08012-B5C3-4266-B6AA-356837E6A461}.Debug|x64.ActiveCfg = Debug|Any CPU
		{8CC08012-B5C3-4266-B6AA-356837E6A461}.Debug|x64.Build.0 = Debug|Any CPU
		{8CC08012-B5C3-4266-B6AA-356837E6A461}.Debug|x86.ActiveCfg = Debug|Any CPU
		{8CC08012-B5C3-4266-B6AA-356837E6A461}.Debug|x86.Build.0 = Debug|Any CPU
		{8CC08012-B5C3-4266-B6AA-356837E6A461}.Release|Any CPU.ActiveCfg = Release|Any CPU
		{8CC08012-B5C3-4266-B6AA-356837E6A461}.Release|Any CPU.Build.0 = Release|Any CPU
		{8CC08012-B5C3-4266-B6AA-356837E6A461}.Release|x64.ActiveCfg = Release|Any CPU
		{8CC08012-B5C3-4266-B6AA-356837E6A461}.Release|x64.Build.0 = Release|Any CPU
		{8CC08012-B5C3-4266-B6AA-356837E6A461}.Release|x86.ActiveCfg = Release|Any CPU
		{8CC08012-B5C3-4266-B6AA-356837E6A461}.Release|x86.Build.0 = Release|Any CPU
		{7E9C52CA-55E2-44C1-A699-5F9E5B6450B3}.Debug|Any CPU.ActiveCfg = Debug|Any CPU
		{7E9C52CA-55E2-44C1-A699-5F9E5B6450B3}.Debug|Any CPU.Build.0 = Debug|Any CPU
		{7E9C52CA-55E2-44C1-A699-5F9E5B6450B3}.Debug|x64.ActiveCfg = Debug|Any CPU
		{7E9C52CA-55E2-44C1-A699-5F9E5B6450B3}.Debug|x64.Build.0 = Debug|Any CPU
		{7E9C52CA-55E2-44C1-A699-5F9E5B6450B3}.Debug|x86.ActiveCfg = Debug|Any CPU
		{7E9C52CA-55E2-44C1-A699-5F9E5B6450B3}.Debug|x86.Build.0 = Debug|Any CPU
		{7E9C52CA-55E2-44C1-A699-5F9E5B6450B3}.Release|Any CPU.ActiveCfg = Release|Any CPU
		{7E9C52CA-55E2-44C1-A699-5F9E5B6450B3}.Release|Any CPU.Build.0 = Release|Any CPU
		{7E9C52CA-55E2-44C1-A699-5F9E5B6450B3}.Release|x64.ActiveCfg = Release|Any CPU
		{7E9C52CA-55E2-44C1-A699-5F9E5B6450B3}.Release|x64.Build.0 = Release|Any CPU
		{7E9C52CA-55E2-44C1-A699-5F9E5B6450B3}.Release|x86.ActiveCfg = Release|Any CPU
		{7E9C52CA-55E2-44C1-A699-5F9E5B6450B3}.Release|x86.Build.0 = Release|Any CPU
		{C2E23241-D1DD-4565-A0D4-374CB4693F6F}.Debug|Any CPU.ActiveCfg = Debug|Any CPU
		{C2E23241-D1DD-4565-A0D4-374CB4693F6F}.Debug|Any CPU.Build.0 = Debug|Any CPU
		{C2E23241-D1DD-4565-A0D4-374CB4693F6F}.Debug|x64.ActiveCfg = Debug|Any CPU
		{C2E23241-D1DD-4565-A0D4-374CB4693F6F}.Debug|x64.Build.0 = Debug|Any CPU
		{C2E23241-D1DD-4565-A0D4-374CB4693F6F}.Debug|x86.ActiveCfg = Debug|Any CPU
		{C2E23241-D1DD-4565-A0D4-374CB4693F6F}.Debug|x86.Build.0 = Debug|Any CPU
		{C2E23241-D1DD-4565-A0D4-374CB4693F6F}.Release|Any CPU.ActiveCfg = Release|Any CPU
		{C2E23241-D1DD-4565-A0D4-374CB4693F6F}.Release|Any CPU.Build.0 = Release|Any CPU
		{C2E23241-D1DD-4565-A0D4-374CB4693F6F}.Release|x64.ActiveCfg = Release|Any CPU
		{C2E23241-D1DD-4565-A0D4-374CB4693F6F}.Release|x64.Build.0 = Release|Any CPU
		{C2E23241-D1DD-4565-A0D4-374CB4693F6F}.Release|x86.ActiveCfg = Release|Any CPU
		{C2E23241-D1DD-4565-A0D4-374CB4693F6F}.Release|x86.Build.0 = Release|Any CPU
		{4B436EF1-DBE3-440F-936D-E3C1DED8198C}.Debug|Any CPU.ActiveCfg = Debug|Any CPU
		{4B436EF1-DBE3-440F-936D-E3C1DED8198C}.Debug|Any CPU.Build.0 = Debug|Any CPU
		{4B436EF1-DBE3-440F-936D-E3C1DED8198C}.Debug|x64.ActiveCfg = Debug|Any CPU
		{4B436EF1-DBE3-440F-936D-E3C1DED8198C}.Debug|x64.Build.0 = Debug|Any CPU
		{4B436EF1-DBE3-440F-936D-E3C1DED8198C}.Debug|x86.ActiveCfg = Debug|Any CPU
		{4B436EF1-DBE3-440F-936D-E3C1DED8198C}.Debug|x86.Build.0 = Debug|Any CPU
		{4B436EF1-DBE3-440F-936D-E3C1DED8198C}.Release|Any CPU.ActiveCfg = Release|Any CPU
		{4B436EF1-DBE3-440F-936D-E3C1DED8198C}.Release|Any CPU.Build.0 = Release|Any CPU
		{4B436EF1-DBE3-440F-936D-E3C1DED8198C}.Release|x64.ActiveCfg = Release|Any CPU
		{4B436EF1-DBE3-440F-936D-E3C1DED8198C}.Release|x64.Build.0 = Release|Any CPU
		{4B436EF1-DBE3-440F-936D-E3C1DED8198C}.Release|x86.ActiveCfg = Release|Any CPU
		{4B436EF1-DBE3-440F-936D-E3C1DED8198C}.Release|x86.Build.0 = Release|Any CPU
	EndGlobalSection
	GlobalSection(SolutionProperties) = preSolution
		HideSolutionNode = FALSE
	EndGlobalSection
	GlobalSection(NestedProjects) = preSolution
		{C4089F9C-859A-4E40-9009-A93246E68D20} = {827E0CD3-B72D-47B6-A68D-7590B98EB39B}
		{EDC567E5-674B-4613-9F30-A6C12B96F163} = {827E0CD3-B72D-47B6-A68D-7590B98EB39B}
		{FA4C3A24-5C80-43BF-8F9E-064A6D0CB496} = {827E0CD3-B72D-47B6-A68D-7590B98EB39B}
		{9348AD20-E4CD-47E8-89C5-91D8FF854640} = {827E0CD3-B72D-47B6-A68D-7590B98EB39B}
		{37506D62-8C4E-4BC4-9B3A-CC952615E396} = {827E0CD3-B72D-47B6-A68D-7590B98EB39B}
		{7CD3BAE5-AED3-4C2C-A69E-FC272175AD2D} = {827E0CD3-B72D-47B6-A68D-7590B98EB39B}
		{8CC08012-B5C3-4266-B6AA-356837E6A461} = {827E0CD3-B72D-47B6-A68D-7590B98EB39B}
		{7E9C52CA-55E2-44C1-A699-5F9E5B6450B3} = {0AB3BF05-4346-4AA6-1389-037BE0695223}
		{C2E23241-D1DD-4565-A0D4-374CB4693F6F} = {0AB3BF05-4346-4AA6-1389-037BE0695223}
		{4B436EF1-DBE3-440F-936D-E3C1DED8198C} = {0AB3BF05-4346-4AA6-1389-037BE0695223}
	EndGlobalSection
EndGlobal
